// !$*UTF8*$!
{
	archiveVersion = 1;
	classes = {
	};
	objectVersion = 51;
	objects = {

/* Begin PBXBuildFile section */
		5984A01E6046E5DD584E3D4D /* Pods_RxSwiftExample.framework in Frameworks */ = {isa = PBXBuildFile; fileRef = EE91046311D903B1D86352D9 /* Pods_RxSwiftExample.framework */; };
		5F986A4E22BE65C8001BCF04 /* AppDelegate.swift in Sources */ = {isa = PBXBuildFile; fileRef = 5F986A4D22BE65C8001BCF04 /* AppDelegate.swift */; };
		5F986A5022BE65C8001BCF04 /* MainViewController.swift in Sources */ = {isa = PBXBuildFile; fileRef = 5F986A4F22BE65C8001BCF04 /* MainViewController.swift */; };
		5F986A5322BE65C8001BCF04 /* Main.storyboard in Resources */ = {isa = PBXBuildFile; fileRef = 5F986A5122BE65C8001BCF04 /* Main.storyboard */; };
		5F986A5522BE65C9001BCF04 /* Assets.xcassets in Resources */ = {isa = PBXBuildFile; fileRef = 5F986A5422BE65C9001BCF04 /* Assets.xcassets */; };
		5F986A5822BE65C9001BCF04 /* LaunchScreen.storyboard in Resources */ = {isa = PBXBuildFile; fileRef = 5F986A5622BE65C9001BCF04 /* LaunchScreen.storyboard */; };
		5F986A6022BE6777001BCF04 /* ProviderObject.swift in Sources */ = {isa = PBXBuildFile; fileRef = 5F986A5F22BE6777001BCF04 /* ProviderObject.swift */; };
		5FB0515422BFA8ED0029227C /* CardViewController.swift in Sources */ = {isa = PBXBuildFile; fileRef = 5FB0515322BFA8ED0029227C /* CardViewController.swift */; };
		5FB0515622BFA8F50029227C /* CardViewModel.swift in Sources */ = {isa = PBXBuildFile; fileRef = 5FB0515522BFA8F50029227C /* CardViewModel.swift */; };
		5FB8BFF122BFA41E008BD537 /* MainViewModel.swift in Sources */ = {isa = PBXBuildFile; fileRef = 5FB8BFF022BFA41E008BD537 /* MainViewModel.swift */; };
		5FB8BFF922BFA589008BD537 /* BaseViewController.swift in Sources */ = {isa = PBXBuildFile; fileRef = 5FB8BFF822BFA589008BD537 /* BaseViewController.swift */; };
/* End PBXBuildFile section */

/* Begin PBXFileReference section */
		036DFA4DF3FBFEF24D7F9DB0 /* Pods-RxSwiftExample.release.xcconfig */ = {isa = PBXFileReference; includeInIndex = 1; lastKnownFileType = text.xcconfig; name = "Pods-RxSwiftExample.release.xcconfig"; path = "Target Support Files/Pods-RxSwiftExample/Pods-RxSwiftExample.release.xcconfig"; sourceTree = "<group>"; };
		5F986A4A22BE65C8001BCF04 /* RxSwiftExample.app */ = {isa = PBXFileReference; explicitFileType = wrapper.application; includeInIndex = 0; path = RxSwiftExample.app; sourceTree = BUILT_PRODUCTS_DIR; };
		5F986A4D22BE65C8001BCF04 /* AppDelegate.swift */ = {isa = PBXFileReference; lastKnownFileType = sourcecode.swift; path = AppDelegate.swift; sourceTree = "<group>"; };
		5F986A4F22BE65C8001BCF04 /* MainViewController.swift */ = {isa = PBXFileReference; lastKnownFileType = sourcecode.swift; path = MainViewController.swift; sourceTree = "<group>"; };
		5F986A5222BE65C8001BCF04 /* Base */ = {isa = PBXFileReference; lastKnownFileType = file.storyboard; name = Base; path = Base.lproj/Main.storyboard; sourceTree = "<group>"; };
		5F986A5422BE65C9001BCF04 /* Assets.xcassets */ = {isa = PBXFileReference; lastKnownFileType = folder.assetcatalog; path = Assets.xcassets; sourceTree = "<group>"; };
		5F986A5722BE65C9001BCF04 /* Base */ = {isa = PBXFileReference; lastKnownFileType = file.storyboard; name = Base; path = Base.lproj/LaunchScreen.storyboard; sourceTree = "<group>"; };
		5F986A5922BE65C9001BCF04 /* Info.plist */ = {isa = PBXFileReference; lastKnownFileType = text.plist.xml; path = Info.plist; sourceTree = "<group>"; };
		5F986A5F22BE6777001BCF04 /* ProviderObject.swift */ = {isa = PBXFileReference; lastKnownFileType = sourcecode.swift; path = ProviderObject.swift; sourceTree = "<group>"; };
		5FB0515322BFA8ED0029227C /* CardViewController.swift */ = {isa = PBXFileReference; lastKnownFileType = sourcecode.swift; path = CardViewController.swift; sourceTree = "<group>"; };
		5FB0515522BFA8F50029227C /* CardViewModel.swift */ = {isa = PBXFileReference; lastKnownFileType = sourcecode.swift; path = CardViewModel.swift; sourceTree = "<group>"; };
		5FB8BFF022BFA41E008BD537 /* MainViewModel.swift */ = {isa = PBXFileReference; lastKnownFileType = sourcecode.swift; path = MainViewModel.swift; sourceTree = "<group>"; };
		5FB8BFF822BFA589008BD537 /* BaseViewController.swift */ = {isa = PBXFileReference; lastKnownFileType = sourcecode.swift; path = BaseViewController.swift; sourceTree = "<group>"; };
		6EB6ECB93DDCCEC73E46946B /* Pods-RxSwiftExample.debug.xcconfig */ = {isa = PBXFileReference; includeInIndex = 1; lastKnownFileType = text.xcconfig; name = "Pods-RxSwiftExample.debug.xcconfig"; path = "Target Support Files/Pods-RxSwiftExample/Pods-RxSwiftExample.debug.xcconfig"; sourceTree = "<group>"; };
		EE91046311D903B1D86352D9 /* Pods_RxSwiftExample.framework */ = {isa = PBXFileReference; explicitFileType = wrapper.framework; includeInIndex = 0; path = Pods_RxSwiftExample.framework; sourceTree = BUILT_PRODUCTS_DIR; };
/* End PBXFileReference section */

/* Begin PBXFrameworksBuildPhase section */
		5F986A4722BE65C8001BCF04 /* Frameworks */ = {
			isa = PBXFrameworksBuildPhase;
			buildActionMask = 2147483647;
			files = (
				5984A01E6046E5DD584E3D4D /* Pods_RxSwiftExample.framework in Frameworks */,
			);
			runOnlyForDeploymentPostprocessing = 0;
		};
/* End PBXFrameworksBuildPhase section */

/* Begin PBXGroup section */
		5F986A4122BE65C8001BCF04 = {
			isa = PBXGroup;
			children = (
				5F986A4C22BE65C8001BCF04 /* RxSwiftExample */,
				5F986A4B22BE65C8001BCF04 /* Products */,
				BC861D7B35C66423BBBC9624 /* Pods */,
				68EE46E25FBDCAD783DD0C81 /* Frameworks */,
			);
			sourceTree = "<group>";
		};
		5F986A4B22BE65C8001BCF04 /* Products */ = {
			isa = PBXGroup;
			children = (
				5F986A4A22BE65C8001BCF04 /* RxSwiftExample.app */,
			);
			name = Products;
			sourceTree = "<group>";
		};
		5F986A4C22BE65C8001BCF04 /* RxSwiftExample */ = {
			isa = PBXGroup;
			children = (
				5F986A4D22BE65C8001BCF04 /* AppDelegate.swift */,
				5F986A5122BE65C8001BCF04 /* Main.storyboard */,
				5F986A5422BE65C9001BCF04 /* Assets.xcassets */,
				5F986A5622BE65C9001BCF04 /* LaunchScreen.storyboard */,
				5F986A5922BE65C9001BCF04 /* Info.plist */,
				5FB0515722BFA9040029227C /* ViewController */,
			);
			path = RxSwiftExample;
			sourceTree = "<group>";
		};
		5FB0515722BFA9040029227C /* ViewController */ = {
			isa = PBXGroup;
			children = (
				5F986A4F22BE65C8001BCF04 /* MainViewController.swift */,
				5FB8BFF022BFA41E008BD537 /* MainViewModel.swift */,
				5FB0515322BFA8ED0029227C /* CardViewController.swift */,
				5FB0515522BFA8F50029227C /* CardViewModel.swift */,
				5F986A5F22BE6777001BCF04 /* ProviderObject.swift */,
				5FB8BFF822BFA589008BD537 /* BaseViewController.swift */,
			);
			name = ViewController;
			sourceTree = "<group>";
		};
		68EE46E25FBDCAD783DD0C81 /* Frameworks */ = {
			isa = PBXGroup;
			children = (
				EE91046311D903B1D86352D9 /* Pods_RxSwiftExample.framework */,
			);
			name = Frameworks;
			sourceTree = "<group>";
		};
		BC861D7B35C66423BBBC9624 /* Pods */ = {
			isa = PBXGroup;
			children = (
				6EB6ECB93DDCCEC73E46946B /* Pods-RxSwiftExample.debug.xcconfig */,
				036DFA4DF3FBFEF24D7F9DB0 /* Pods-RxSwiftExample.release.xcconfig */,
			);
			path = Pods;
			sourceTree = "<group>";
		};
/* End PBXGroup section */

/* Begin PBXNativeTarget section */
		5F986A4922BE65C8001BCF04 /* RxSwiftExample */ = {
			isa = PBXNativeTarget;
			buildConfigurationList = 5F986A5C22BE65C9001BCF04 /* Build configuration list for PBXNativeTarget "RxSwiftExample" */;
			buildPhases = (
				28FA7F227D2756E40BB714E0 /* [CP] Check Pods Manifest.lock */,
				5F986A4622BE65C8001BCF04 /* Sources */,
				5F986A4722BE65C8001BCF04 /* Frameworks */,
				5F986A4822BE65C8001BCF04 /* Resources */,
				0BC7370FE08C3825BA06B975 /* [CP] Embed Pods Frameworks */,
			);
			buildRules = (
			);
			dependencies = (
			);
			name = RxSwiftExample;
			productName = RxSwiftExample;
			productReference = 5F986A4A22BE65C8001BCF04 /* RxSwiftExample.app */;
			productType = "com.apple.product-type.application";
		};
/* End PBXNativeTarget section */

/* Begin PBXProject section */
		5F986A4222BE65C8001BCF04 /* Project object */ = {
			isa = PBXProject;
			attributes = {
				LastSwiftUpdateCheck = 1020;
				LastUpgradeCheck = 1020;
				ORGANIZATIONNAME = Van;
				TargetAttributes = {
					5F986A4922BE65C8001BCF04 = {
						CreatedOnToolsVersion = 10.2.1;
					};
				};
			};
			buildConfigurationList = 5F986A4522BE65C8001BCF04 /* Build configuration list for PBXProject "RxSwiftExample" */;
			compatibilityVersion = "Xcode 9.3";
			developmentRegion = en;
			hasScannedForEncodings = 0;
			knownRegions = (
				en,
				Base,
			);
			mainGroup = 5F986A4122BE65C8001BCF04;
			productRefGroup = 5F986A4B22BE65C8001BCF04 /* Products */;
			projectDirPath = "";
			projectRoot = "";
			targets = (
				5F986A4922BE65C8001BCF04 /* RxSwiftExample */,
			);
		};
/* End PBXProject section */

/* Begin PBXResourcesBuildPhase section */
		5F986A4822BE65C8001BCF04 /* Resources */ = {
			isa = PBXResourcesBuildPhase;
			buildActionMask = 2147483647;
			files = (
				5F986A5822BE65C9001BCF04 /* LaunchScreen.storyboard in Resources */,
				5F986A5522BE65C9001BCF04 /* Assets.xcassets in Resources */,
				5F986A5322BE65C8001BCF04 /* Main.storyboard in Resources */,
			);
			runOnlyForDeploymentPostprocessing = 0;
		};
/* End PBXResourcesBuildPhase section */

/* Begin PBXShellScriptBuildPhase section */
		0BC7370FE08C3825BA06B975 /* [CP] Embed Pods Frameworks */ = {
			isa = PBXShellScriptBuildPhase;
			buildActionMask = 2147483647;
			files = (
			);
			inputFileListPaths = (
				"${PODS_ROOT}/Target Support Files/Pods-RxSwiftExample/Pods-RxSwiftExample-frameworks-${CONFIGURATION}-input-files.xcfilelist",
			);
			name = "[CP] Embed Pods Frameworks";
			outputFileListPaths = (
				"${PODS_ROOT}/Target Support Files/Pods-RxSwiftExample/Pods-RxSwiftExample-frameworks-${CONFIGURATION}-output-files.xcfilelist",
			);
			runOnlyForDeploymentPostprocessing = 0;
			shellPath = /bin/sh;
			shellScript = "\"${PODS_ROOT}/Target Support Files/Pods-RxSwiftExample/Pods-RxSwiftExample-frameworks.sh\"\n";
			showEnvVarsInLog = 0;
		};
		28FA7F227D2756E40BB714E0 /* [CP] Check Pods Manifest.lock */ = {
			isa = PBXShellScriptBuildPhase;
			buildActionMask = 2147483647;
			files = (
			);
			inputFileListPaths = (
			);
			inputPaths = (
				"${PODS_PODFILE_DIR_PATH}/Podfile.lock",
				"${PODS_ROOT}/Manifest.lock",
			);
			name = "[CP] Check Pods Manifest.lock";
			outputFileListPaths = (
			);
			outputPaths = (
				"$(DERIVED_FILE_DIR)/Pods-RxSwiftExample-checkManifestLockResult.txt",
			);
			runOnlyForDeploymentPostprocessing = 0;
			shellPath = /bin/sh;
			shellScript = "diff \"${PODS_PODFILE_DIR_PATH}/Podfile.lock\" \"${PODS_ROOT}/Manifest.lock\" > /dev/null\nif [ $? != 0 ] ; then\n    # print error to STDERR\n    echo \"error: The sandbox is not in sync with the Podfile.lock. Run 'pod install' or update your CocoaPods installation.\" >&2\n    exit 1\nfi\n# This output is used by Xcode 'outputs' to avoid re-running this script phase.\necho \"SUCCESS\" > \"${SCRIPT_OUTPUT_FILE_0}\"\n";
			showEnvVarsInLog = 0;
		};
/* End PBXShellScriptBuildPhase section */

/* Begin PBXSourcesBuildPhase section */
		5F986A4622BE65C8001BCF04 /* Sources */ = {
			isa = PBXSourcesBuildPhase;
			buildActionMask = 2147483647;
			files = (
				5FB8BFF922BFA589008BD537 /* BaseViewController.swift in Sources */,
				5FB0515622BFA8F50029227C /* CardViewModel.swift in Sources */,
				5FB0515422BFA8ED0029227C /* CardViewController.swift in Sources */,
				5F986A5022BE65C8001BCF04 /* MainViewController.swift in Sources */,
				5F986A6022BE6777001BCF04 /* ProviderObject.swift in Sources */,
				5FB8BFF122BFA41E008BD537 /* MainViewModel.swift in Sources */,
				5F986A4E22BE65C8001BCF04 /* AppDelegate.swift in Sources */,
			);
			runOnlyForDeploymentPostprocessing = 0;
		};
/* End PBXSourcesBuildPhase section */

/* Begin PBXVariantGroup section */
		5F986A5122BE65C8001BCF04 /* Main.storyboard */ = {
			isa = PBXVariantGroup;
			children = (
				5F986A5222BE65C8001BCF04 /* Base */,
			);
			name = Main.storyboard;
			sourceTree = "<group>";
		};
		5F986A5622BE65C9001BCF04 /* LaunchScreen.storyboard */ = {
			isa = PBXVariantGroup;
			children = (
				5F986A5722BE65C9001BCF04 /* Base */,
			);
			name = LaunchScreen.storyboard;
			sourceTree = "<group>";
		};
/* End PBXVariantGroup section */

/* Begin XCBuildConfiguration section */
		5F986A5A22BE65C9001BCF04 /* Debug */ = {
			isa = XCBuildConfiguration;
			buildSettings = {
				ALWAYS_SEARCH_USER_PATHS = NO;
				CLANG_ANALYZER_NONNULL = YES;
				CLANG_ANALYZER_NUMBER_OBJECT_CONVERSION = YES_AGGRESSIVE;
				CLANG_CXX_LANGUAGE_STANDARD = "gnu++14";
				CLANG_CXX_LIBRARY = "libc++";
				CLANG_ENABLE_MODULES = YES;
				CLANG_ENABLE_OBJC_ARC = YES;
				CLANG_ENABLE_OBJC_WEAK = YES;
				CLANG_WARN_BLOCK_CAPTURE_AUTORELEASING = YES;
				CLANG_WARN_BOOL_CONVERSION = YES;
				CLANG_WARN_COMMA = YES;
				CLANG_WARN_CONSTANT_CONVERSION = YES;
				CLANG_WARN_DEPRECATED_OBJC_IMPLEMENTATIONS = YES;
				CLANG_WARN_DIRECT_OBJC_ISA_USAGE = YES_ERROR;
				CLANG_WARN_DOCUMENTATION_COMMENTS = YES;
				CLANG_WARN_EMPTY_BODY = YES;
				CLANG_WARN_ENUM_CONVERSION = YES;
				CLANG_WARN_INFINITE_RECURSION = YES;
				CLANG_WARN_INT_CONVERSION = YES;
				CLANG_WARN_NON_LITERAL_NULL_CONVERSION = YES;
				CLANG_WARN_OBJC_IMPLICIT_RETAIN_SELF = YES;
				CLANG_WARN_OBJC_LITERAL_CONVERSION = YES;
				CLANG_WARN_OBJC_ROOT_CLASS = YES_ERROR;
				CLANG_WARN_RANGE_LOOP_ANALYSIS = YES;
				CLANG_WARN_STRICT_PROTOTYPES = YES;
				CLANG_WARN_SUSPICIOUS_MOVE = YES;
				CLANG_WARN_UNGUARDED_AVAILABILITY = YES_AGGRESSIVE;
				CLANG_WARN_UNREACHABLE_CODE = YES;
				CLANG_WARN__DUPLICATE_METHOD_MATCH = YES;
				CODE_SIGN_IDENTITY = "iPhone Developer";
				COPY_PHASE_STRIP = NO;
				DEBUG_INFORMATION_FORMAT = dwarf;
				ENABLE_STRICT_OBJC_MSGSEND = YES;
				ENABLE_TESTABILITY = YES;
				GCC_C_LANGUAGE_STANDARD = gnu11;
				GCC_DYNAMIC_NO_PIC = NO;
				GCC_NO_COMMON_BLOCKS = YES;
				GCC_OPTIMIZATION_LEVEL = 0;
				GCC_PREPROCESSOR_DEFINITIONS = (
					"DEBUG=1",
					"$(inherited)",
				);
				GCC_WARN_64_TO_32_BIT_CONVERSION = YES;
				GCC_WARN_ABOUT_RETURN_TYPE = YES_ERROR;
				GCC_WARN_UNDECLARED_SELECTOR = YES;
				GCC_WARN_UNINITIALIZED_AUTOS = YES_AGGRESSIVE;
				GCC_WARN_UNUSED_FUNCTION = YES;
				GCC_WARN_UNUSED_VARIABLE = YES;
				IPHONEOS_DEPLOYMENT_TARGET = 12.2;
				MTL_ENABLE_DEBUG_INFO = INCLUDE_SOURCE;
				MTL_FAST_MATH = YES;
				ONLY_ACTIVE_ARCH = YES;
				SDKROOT = iphoneos;
				SWIFT_ACTIVE_COMPILATION_CONDITIONS = DEBUG;
				SWIFT_OPTIMIZATION_LEVEL = "-Onone";
			};
			name = Debug;
		};
		5F986A5B22BE65C9001BCF04 /* Release */ = {
			isa = XCBuildConfiguration;
			buildSettings = {
				ALWAYS_SEARCH_USER_PATHS = NO;
				CLANG_ANALYZER_NONNULL = YES;
				CLANG_ANALYZER_NUMBER_OBJECT_CONVERSION = YES_AGGRESSIVE;
				CLANG_CXX_LANGUAGE_STANDARD = "gnu++14";
				CLANG_CXX_LIBRARY = "libc++";
				CLANG_ENABLE_MODULES = YES;
				CLANG_ENABLE_OBJC_ARC = YES;
				CLANG_ENABLE_OBJC_WEAK = YES;
				CLANG_WARN_BLOCK_CAPTURE_AUTORELEASING = YES;
				CLANG_WARN_BOOL_CONVERSION = YES;
				CLANG_WARN_COMMA = YES;
				CLANG_WARN_CONSTANT_CONVERSION = YES;
				CLANG_WARN_DEPRECATED_OBJC_IMPLEMENTATIONS = YES;
				CLANG_WARN_DIRECT_OBJC_ISA_USAGE = YES_ERROR;
				CLANG_WARN_DOCUMENTATION_COMMENTS = YES;
				CLANG_WARN_EMPTY_BODY = YES;
				CLANG_WARN_ENUM_CONVERSION = YES;
				CLANG_WARN_INFINITE_RECURSION = YES;
				CLANG_WARN_INT_CONVERSION = YES;
				CLANG_WARN_NON_LITERAL_NULL_CONVERSION = YES;
				CLANG_WARN_OBJC_IMPLICIT_RETAIN_SELF = YES;
				CLANG_WARN_OBJC_LITERAL_CONVERSION = YES;
				CLANG_WARN_OBJC_ROOT_CLASS = YES_ERROR;
				CLANG_WARN_RANGE_LOOP_ANALYSIS = YES;
				CLANG_WARN_STRICT_PROTOTYPES = YES;
				CLANG_WARN_SUSPICIOUS_MOVE = YES;
				CLANG_WARN_UNGUARDED_AVAILABILITY = YES_AGGRESSIVE;
				CLANG_WARN_UNREACHABLE_CODE = YES;
				CLANG_WARN__DUPLICATE_METHOD_MATCH = YES;
				CODE_SIGN_IDENTITY = "iPhone Developer";
				COPY_PHASE_STRIP = NO;
				DEBUG_INFORMATION_FORMAT = "dwarf-with-dsym";
				ENABLE_NS_ASSERTIONS = NO;
				ENABLE_STRICT_OBJC_MSGSEND = YES;
				GCC_C_LANGUAGE_STANDARD = gnu11;
				GCC_NO_COMMON_BLOCKS = YES;
				GCC_WARN_64_TO_32_BIT_CONVERSION = YES;
				GCC_WARN_ABOUT_RETURN_TYPE = YES_ERROR;
				GCC_WARN_UNDECLARED_SELECTOR = YES;
				GCC_WARN_UNINITIALIZED_AUTOS = YES_AGGRESSIVE;
				GCC_WARN_UNUSED_FUNCTION = YES;
				GCC_WARN_UNUSED_VARIABLE = YES;
				IPHONEOS_DEPLOYMENT_TARGET = 12.2;
				MTL_ENABLE_DEBUG_INFO = NO;
				MTL_FAST_MATH = YES;
				SDKROOT = iphoneos;
				SWIFT_COMPILATION_MODE = wholemodule;
				SWIFT_OPTIMIZATION_LEVEL = "-O";
				VALIDATE_PRODUCT = YES;
			};
			name = Release;
		};
		5F986A5D22BE65C9001BCF04 /* Debug */ = {
			isa = XCBuildConfiguration;
			baseConfigurationReference = 6EB6ECB93DDCCEC73E46946B /* Pods-RxSwiftExample.debug.xcconfig */;
			buildSettings = {
				ASSETCATALOG_COMPILER_APPICON_NAME = AppIcon;
				CODE_SIGN_STYLE = Manual;
				DEVELOPMENT_TEAM = "";
				INFOPLIST_FILE = RxSwiftExample/Info.plist;
				IPHONEOS_DEPLOYMENT_TARGET = 10.0;
				LD_RUNPATH_SEARCH_PATHS = (
					"$(inherited)",
					"@executable_path/Frameworks",
				);
				PRODUCT_BUNDLE_IDENTIFIER = com.Van.RxSwiftExample;
				PRODUCT_NAME = "$(TARGET_NAME)";
				PROVISIONING_PROFILE_SPECIFIER = "";
				SWIFT_VERSION = 5.0;
				TARGETED_DEVICE_FAMILY = 1;
			};
			name = Debug;
		};
		5F986A5E22BE65C9001BCF04 /* Release */ = {
			isa = XCBuildConfiguration;
			baseConfigurationReference = 036DFA4DF3FBFEF24D7F9DB0 /* Pods-RxSwiftExample.release.xcconfig */;
			buildSettings = {
				ASSETCATALOG_COMPILER_APPICON_NAME = AppIcon;
				CODE_SIGN_STYLE = Manual;
				DEVELOPMENT_TEAM = "";
				INFOPLIST_FILE = RxSwiftExample/Info.plist;
				IPHONEOS_DEPLOYMENT_TARGET = 10.0;
				LD_RUNPATH_SEARCH_PATHS = (
					"$(inherited)",
					"@executable_path/Frameworks",
				);
				PRODUCT_BUNDLE_IDENTIFIER = com.Van.RxSwiftExample;
				PRODUCT_NAME = "$(TARGET_NAME)";
				PROVISIONING_PROFILE_SPECIFIER = "";
				SWIFT_VERSION = 5.0;
				TARGETED_DEVICE_FAMILY = 1;
			};
			name = Release;
		};
/* End XCBuildConfiguration section */

/* Begin XCConfigurationList section */
		5F986A4522BE65C8001BCF04 /* Build configuration list for PBXProject "RxSwiftExample" */ = {
			isa = XCConfigurationList;
			buildConfigurations = (
				5F986A5A22BE65C9001BCF04 /* Debug */,
				5F986A5B22BE65C9001BCF04 /* Release */,
			);
			defaultConfigurationIsVisible = 0;
			defaultConfigurationName = Release;
		};
		5F986A5C22BE65C9001BCF04 /* Build configuration list for PBXNativeTarget "RxSwiftExample" */ = {
			isa = XCConfigurationList;
			buildConfigurations = (
				5F986A5D22BE65C9001BCF04 /* Debug */,
				5F986A5E22BE65C9001BCF04 /* Release */,
			);
			defaultConfigurationIsVisible = 0;
			defaultConfigurationName = Release;
		};
/* End XCConfigurationList section */
	};
	rootObject = 5F986A4222BE65C8001BCF04 /* Project object */;
}
